// !$*UTF8*$!
{
	archiveVersion = 1;
	classes = {
	};
	objectVersion = 46;
	objects = {

/* Begin PBXBuildFile section */
		322017136EBEB07E8052F320 /* Pods_Jaem_iOSUITests.framework in Frameworks */ = {isa = PBXBuildFile; fileRef = 7A24E8CEB6D11A268BA7F138 /* Pods_Jaem_iOSUITests.framework */; };
		AF03E12B1CBE24C900D1F1FC /* AgreementViewController.swift in Sources */ = {isa = PBXBuildFile; fileRef = AF03E12A1CBE24C900D1F1FC /* AgreementViewController.swift */; };
		AF03E12D1CBE387200D1F1FC /* PreSearchViewController.swift in Sources */ = {isa = PBXBuildFile; fileRef = AF03E12C1CBE387200D1F1FC /* PreSearchViewController.swift */; };
		AF03E1331CBE677700D1F1FC /* SearchTextCell.xib in Resources */ = {isa = PBXBuildFile; fileRef = AF03E1321CBE677700D1F1FC /* SearchTextCell.xib */; };
		AF03E1351CBE67C000D1F1FC /* SearchTextCell.swift in Sources */ = {isa = PBXBuildFile; fileRef = AF03E1341CBE67C000D1F1FC /* SearchTextCell.swift */; };
		AF03E1371CBE896D00D1F1FC /* RealmModel.swift in Sources */ = {isa = PBXBuildFile; fileRef = AF03E1361CBE896D00D1F1FC /* RealmModel.swift */; };
		AF04FD1C1CCB478D00289730 /* ClosetClothesInfoCell.swift in Sources */ = {isa = PBXBuildFile; fileRef = AF04FD1B1CCB478D00289730 /* ClosetClothesInfoCell.swift */; };
		AF04FD1E1CCB518800289730 /* ClosetCell.swift in Sources */ = {isa = PBXBuildFile; fileRef = AF04FD1D1CCB518800289730 /* ClosetCell.swift */; };
		AF04FD201CCB534100289730 /* CoordiCell.swift in Sources */ = {isa = PBXBuildFile; fileRef = AF04FD1F1CCB534100289730 /* CoordiCell.swift */; };
		AF04FD2C1CCB5E5B00289730 /* 1.png in Resources */ = {isa = PBXBuildFile; fileRef = AF04FD221CCB5E5B00289730 /* 1.png */; };
		AF04FD2D1CCB5E5B00289730 /* 2.png in Resources */ = {isa = PBXBuildFile; fileRef = AF04FD231CCB5E5B00289730 /* 2.png */; };
		AF04FD2E1CCB5E5B00289730 /* 3.png in Resources */ = {isa = PBXBuildFile; fileRef = AF04FD241CCB5E5B00289730 /* 3.png */; };
		AF04FD2F1CCB5E5B00289730 /* 4.png in Resources */ = {isa = PBXBuildFile; fileRef = AF04FD251CCB5E5B00289730 /* 4.png */; };
		AF04FD301CCB5E5B00289730 /* 5.png in Resources */ = {isa = PBXBuildFile; fileRef = AF04FD261CCB5E5B00289730 /* 5.png */; };
		AF04FD311CCB5E5B00289730 /* 6.png in Resources */ = {isa = PBXBuildFile; fileRef = AF04FD271CCB5E5B00289730 /* 6.png */; };
		AF04FD321CCB5E5B00289730 /* 7.png in Resources */ = {isa = PBXBuildFile; fileRef = AF04FD281CCB5E5B00289730 /* 7.png */; };
		AF04FD331CCB5E5B00289730 /* 8.png in Resources */ = {isa = PBXBuildFile; fileRef = AF04FD291CCB5E5B00289730 /* 8.png */; };
		AF04FD341CCB5E5B00289730 /* 9.png in Resources */ = {isa = PBXBuildFile; fileRef = AF04FD2A1CCB5E5B00289730 /* 9.png */; };
		AF04FD351CCB5E5B00289730 /* 10.png in Resources */ = {isa = PBXBuildFile; fileRef = AF04FD2B1CCB5E5B00289730 /* 10.png */; };
		AF0644171CB268F700EE3951 /* AdditionInfoViewController.swift in Sources */ = {isa = PBXBuildFile; fileRef = AF0644161CB268F700EE3951 /* AdditionInfoViewController.swift */; };
		AF2708331CA5746B00389A55 /* SelectGenderViewController.swift in Sources */ = {isa = PBXBuildFile; fileRef = AF2708321CA5746B00389A55 /* SelectGenderViewController.swift */; };
		AF45544B1CB76C0600775D65 /* PanGestureInteractionController.swift in Sources */ = {isa = PBXBuildFile; fileRef = AF45544A1CB76C0600775D65 /* PanGestureInteractionController.swift */; };
		AF45544E1CB78F2E00775D65 /* UIPanGestureRecognizer+Direction.swift in Sources */ = {isa = PBXBuildFile; fileRef = AF45544D1CB78F2E00775D65 /* UIPanGestureRecognizer+Direction.swift */; };
		AF4554521CB7D79200775D65 /* CirclePresentationController.swift in Sources */ = {isa = PBXBuildFile; fileRef = AF4554511CB7D79200775D65 /* CirclePresentationController.swift */; };
		AF4DCD951CA385A000E5CC15 /* BodyViewController.swift in Sources */ = {isa = PBXBuildFile; fileRef = AF4DCD941CA385A000E5CC15 /* BodyViewController.swift */; };
		AF4DCD971CA385B300E5CC15 /* ClosetViewController.swift in Sources */ = {isa = PBXBuildFile; fileRef = AF4DCD961CA385B300E5CC15 /* ClosetViewController.swift */; };
		AF4DCD991CA3B2AE00E5CC15 /* newyork_2705424b.jpg in Resources */ = {isa = PBXBuildFile; fileRef = AF4DCD981CA3B2AE00E5CC15 /* newyork_2705424b.jpg */; };
		AF4DCD9B1CA40C8700E5CC15 /* SizeDataCell.swift in Sources */ = {isa = PBXBuildFile; fileRef = AF4DCD9A1CA40C8700E5CC15 /* SizeDataCell.swift */; };
		AF4DCD9D1CA414B000E5CC15 /* SectionHeaderView.swift in Sources */ = {isa = PBXBuildFile; fileRef = AF4DCD9C1CA414B000E5CC15 /* SectionHeaderView.swift */; };
		AF63ADDA1CAF9E1E00029E77 /* LoginViewController.swift in Sources */ = {isa = PBXBuildFile; fileRef = AF63ADD91CAF9E1E00029E77 /* LoginViewController.swift */; };
		AF63ADDC1CAF9E3E00029E77 /* RegisterViewController.swift in Sources */ = {isa = PBXBuildFile; fileRef = AF63ADDB1CAF9E3E00029E77 /* RegisterViewController.swift */; };
		AF63ADDE1CAFA59C00029E77 /* JaemViewStyleKit.swift in Sources */ = {isa = PBXBuildFile; fileRef = AF63ADDD1CAFA59C00029E77 /* JaemViewStyleKit.swift */; };
		AF63ADE01CAFA8CA00029E77 /* TextFieldBorderView.swift in Sources */ = {isa = PBXBuildFile; fileRef = AF63ADDF1CAFA8CA00029E77 /* TextFieldBorderView.swift */; };
		AF63ADE21CB00A6000029E77 /* FindPasswordViewController.swift in Sources */ = {isa = PBXBuildFile; fileRef = AF63ADE11CB00A6000029E77 /* FindPasswordViewController.swift */; };
		AF655F2C1CB619510015EE28 /* RegularFitViewController.swift in Sources */ = {isa = PBXBuildFile; fileRef = AF655F2B1CB619510015EE28 /* RegularFitViewController.swift */; };
		AF655F2E1CB61A580015EE28 /* AddButtonView.swift in Sources */ = {isa = PBXBuildFile; fileRef = AF655F2D1CB61A580015EE28 /* AddButtonView.swift */; };
		AF655F301CB63C250015EE28 /* TypeCell.swift in Sources */ = {isa = PBXBuildFile; fileRef = AF655F2F1CB63C250015EE28 /* TypeCell.swift */; };
		AF655F321CB63C910015EE28 /* MyRegularFitCell.swift in Sources */ = {isa = PBXBuildFile; fileRef = AF655F311CB63C910015EE28 /* MyRegularFitCell.swift */; };
		AF655F341CB63CCD0015EE28 /* ClothesCell.swift in Sources */ = {isa = PBXBuildFile; fileRef = AF655F331CB63CCD0015EE28 /* ClothesCell.swift */; };
		AF696F331CC4AF3A0062CE6E /* UIImageView+DownloadImage.swift in Sources */ = {isa = PBXBuildFile; fileRef = AF696F321CC4AF3A0062CE6E /* UIImageView+DownloadImage.swift */; };
		AF70D4201CC3AA60005A395D /* NetworkModule.swift in Sources */ = {isa = PBXBuildFile; fileRef = AF70D41F1CC3AA60005A395D /* NetworkModule.swift */; };
		AF7CCCCA1CCCA0E00045BDEF /* SizeClickView.swift in Sources */ = {isa = PBXBuildFile; fileRef = AF7CCCC91CCCA0E00045BDEF /* SizeClickView.swift */; };
		AF7CCCCD1CCD19210045BDEF /* OpenSans-Regular.ttf in Resources */ = {isa = PBXBuildFile; fileRef = AF7CCCCC1CCD19210045BDEF /* OpenSans-Regular.ttf */; };
		AF7CCCCF1CCD19650045BDEF /* OpenSans-Semibold.ttf in Resources */ = {isa = PBXBuildFile; fileRef = AF7CCCCE1CCD19650045BDEF /* OpenSans-Semibold.ttf */; };
		AF8D739D1CCA6087003C977B /* ClothesHeaderView.swift in Sources */ = {isa = PBXBuildFile; fileRef = AF8D739C1CCA6087003C977B /* ClothesHeaderView.swift */; };
		AFC24B331CA2533D002FA07B /* CardStackCell.swift in Sources */ = {isa = PBXBuildFile; fileRef = AFC24B321CA2533D002FA07B /* CardStackCell.swift */; };
		AFC24B361CA2CF40002FA07B /* JaemIconStyleKit.swift in Sources */ = {isa = PBXBuildFile; fileRef = AFC24B351CA2CF40002FA07B /* JaemIconStyleKit.swift */; };
		AFC24B381CA2D064002FA07B /* CardStackIcon.swift in Sources */ = {isa = PBXBuildFile; fileRef = AFC24B371CA2D064002FA07B /* CardStackIcon.swift */; };
		AFC3589D1CB3E7A200A0CB1E /* CircleTransitionAnimationController.swift in Sources */ = {isa = PBXBuildFile; fileRef = AFC3589C1CB3E7A200A0CB1E /* CircleTransitionAnimationController.swift */; };
		AFC3589F1CB3EB8900A0CB1E /* MeasureNaviController.swift in Sources */ = {isa = PBXBuildFile; fileRef = AFC3589E1CB3EB8900A0CB1E /* MeasureNaviController.swift */; };
		AFC358A11CB3FFA400A0CB1E /* CardTabBarController.swift in Sources */ = {isa = PBXBuildFile; fileRef = AFC358A01CB3FFA400A0CB1E /* CardTabBarController.swift */; };
		AFDC15921CC0D22C001253CA /* MakeURL.swift in Sources */ = {isa = PBXBuildFile; fileRef = AFDC15911CC0D22B001253CA /* MakeURL.swift */; };
		AFDD17E11CA9779C005AF8BC /* MeasureViewController.swift in Sources */ = {isa = PBXBuildFile; fileRef = AFDD17E01CA9779C005AF8BC /* MeasureViewController.swift */; };
		AFDD17E31CAA5531005AF8BC /* ConnectionViewController.swift in Sources */ = {isa = PBXBuildFile; fileRef = AFDD17E21CAA5531005AF8BC /* ConnectionViewController.swift */; };
		AFDD17E51CAA649B005AF8BC /* DeviceListTableViewController.swift in Sources */ = {isa = PBXBuildFile; fileRef = AFDD17E41CAA649B005AF8BC /* DeviceListTableViewController.swift */; };
		AFDD17E71CAA9312005AF8BC /* PeripheralCell.swift in Sources */ = {isa = PBXBuildFile; fileRef = AFDD17E61CAA9312005AF8BC /* PeripheralCell.swift */; };
		AFEADDEB1CBB67770017BAD9 /* PopCircleView.swift in Sources */ = {isa = PBXBuildFile; fileRef = AFEADDEA1CBB67770017BAD9 /* PopCircleView.swift */; };
		AFEADDEF1CBB8E3C0017BAD9 /* AddCell.swift in Sources */ = {isa = PBXBuildFile; fileRef = AFEADDEE1CBB8E3C0017BAD9 /* AddCell.swift */; };
		AFEADDF11CBBAFE80017BAD9 /* SearchViewController.swift in Sources */ = {isa = PBXBuildFile; fileRef = AFEADDF01CBBAFE80017BAD9 /* SearchViewController.swift */; };
		AFEADDF31CBBBD860017BAD9 /* IMG_0272 Copy 2.png in Resources */ = {isa = PBXBuildFile; fileRef = AFEADDF21CBBBD860017BAD9 /* IMG_0272 Copy 2.png */; };
		AFEADDF51CBBBE1B0017BAD9 /* SearchResultCell.swift in Sources */ = {isa = PBXBuildFile; fileRef = AFEADDF41CBBBE1B0017BAD9 /* SearchResultCell.swift */; };
		AFEADDF71CBBD8A50017BAD9 /* CategoryButton.swift in Sources */ = {isa = PBXBuildFile; fileRef = AFEADDF61CBBD8A50017BAD9 /* CategoryButton.swift */; };
		AFEADDF91CBCF8810017BAD9 /* FitInfoView.swift in Sources */ = {isa = PBXBuildFile; fileRef = AFEADDF81CBCF8810017BAD9 /* FitInfoView.swift */; };
		AFEADDFB1CBD01790017BAD9 /* BottomCardView.swift in Sources */ = {isa = PBXBuildFile; fileRef = AFEADDFA1CBD01790017BAD9 /* BottomCardView.swift */; };
		AFEADDFD1CBD09E20017BAD9 /* ClothesDetailViewController.swift in Sources */ = {isa = PBXBuildFile; fileRef = AFEADDFC1CBD09E20017BAD9 /* ClothesDetailViewController.swift */; };
		AFEADDFF1CBD32000017BAD9 /* FitSearchViewController.swift in Sources */ = {isa = PBXBuildFile; fileRef = AFEADDFE1CBD32000017BAD9 /* FitSearchViewController.swift */; };
		AFF70E121CABA5FA00E869A6 /* MeasureStepCell.swift in Sources */ = {isa = PBXBuildFile; fileRef = AFF70E111CABA5FA00E869A6 /* MeasureStepCell.swift */; };
		AFF70E141CABAC0D00E869A6 /* MeasureContainerViewController.swift in Sources */ = {isa = PBXBuildFile; fileRef = AFF70E131CABAC0D00E869A6 /* MeasureContainerViewController.swift */; };
		AFF70E161CAC111200E869A6 /* RulerView.swift in Sources */ = {isa = PBXBuildFile; fileRef = AFF70E151CAC111200E869A6 /* RulerView.swift */; };
		AFFBBC161C9FFB3A00879BDC /* AppDelegate.swift in Sources */ = {isa = PBXBuildFile; fileRef = AFFBBC151C9FFB3A00879BDC /* AppDelegate.swift */; };
		AFFBBC1D1C9FFB3A00879BDC /* Main.storyboard in Resources */ = {isa = PBXBuildFile; fileRef = AFFBBC1B1C9FFB3A00879BDC /* Main.storyboard */; };
		AFFBBC1F1C9FFB3A00879BDC /* Assets.xcassets in Resources */ = {isa = PBXBuildFile; fileRef = AFFBBC1E1C9FFB3A00879BDC /* Assets.xcassets */; };
		AFFBBC221C9FFB3A00879BDC /* LaunchScreen.storyboard in Resources */ = {isa = PBXBuildFile; fileRef = AFFBBC201C9FFB3A00879BDC /* LaunchScreen.storyboard */; };
		AFFBBC2D1C9FFB3A00879BDC /* Jaem_iOSTests.swift in Sources */ = {isa = PBXBuildFile; fileRef = AFFBBC2C1C9FFB3A00879BDC /* Jaem_iOSTests.swift */; };
		AFFBBC381C9FFB3B00879BDC /* Jaem_iOSUITests.swift in Sources */ = {isa = PBXBuildFile; fileRef = AFFBBC371C9FFB3B00879BDC /* Jaem_iOSUITests.swift */; };
		AFFBBC4A1CA0017A00879BDC /* BTDiscovery.swift in Sources */ = {isa = PBXBuildFile; fileRef = AFFBBC481CA0017A00879BDC /* BTDiscovery.swift */; };
		AFFBBC4B1CA0017A00879BDC /* BTService.swift in Sources */ = {isa = PBXBuildFile; fileRef = AFFBBC491CA0017A00879BDC /* BTService.swift */; };
		AFFBBC531CA0241400879BDC /* CardStackLayout.swift in Sources */ = {isa = PBXBuildFile; fileRef = AFFBBC521CA0241400879BDC /* CardStackLayout.swift */; };
		DA8B6FCA5298D7E35EF4AD92 /* Pods_Jaem_iOS.framework in Frameworks */ = {isa = PBXBuildFile; fileRef = 7D62D7BD77463E772A5A093E /* Pods_Jaem_iOS.framework */; };
		F9E3180A5D50BC163343F750 /* Pods_Jaem_iOSTests.framework in Frameworks */ = {isa = PBXBuildFile; fileRef = 2BC17E93F1E010033BC2969B /* Pods_Jaem_iOSTests.framework */; };
/* End PBXBuildFile section */

/* Begin PBXContainerItemProxy section */
		AFFBBC291C9FFB3A00879BDC /* PBXContainerItemProxy */ = {
			isa = PBXContainerItemProxy;
			containerPortal = AFFBBC0A1C9FFB3A00879BDC /* Project object */;
			proxyType = 1;
			remoteGlobalIDString = AFFBBC111C9FFB3A00879BDC;
			remoteInfo = "Jaem-iOS";
		};
		AFFBBC341C9FFB3B00879BDC /* PBXContainerItemProxy */ = {
			isa = PBXContainerItemProxy;
			containerPortal = AFFBBC0A1C9FFB3A00879BDC /* Project object */;
			proxyType = 1;
			remoteGlobalIDString = AFFBBC111C9FFB3A00879BDC;
			remoteInfo = "Jaem-iOS";
		};
/* End PBXContainerItemProxy section */

/* Begin PBXFileReference section */
		0D857276982C7F56A6EB67B3 /* Pods-Jaem-iOS.debug.xcconfig */ = {isa = PBXFileReference; includeInIndex = 1; lastKnownFileType = text.xcconfig; name = "Pods-Jaem-iOS.debug.xcconfig"; path = "Pods/Target Support Files/Pods-Jaem-iOS/Pods-Jaem-iOS.debug.xcconfig"; sourceTree = "<group>"; };
		28F80882EDE64E626DF33F60 /* Pods-Jaem-iOS.release.xcconfig */ = {isa = PBXFileReference; includeInIndex = 1; lastKnownFileType = text.xcconfig; name = "Pods-Jaem-iOS.release.xcconfig"; path = "Pods/Target Support Files/Pods-Jaem-iOS/Pods-Jaem-iOS.release.xcconfig"; sourceTree = "<group>"; };
		2BC17E93F1E010033BC2969B /* Pods_Jaem_iOSTests.framework */ = {isa = PBXFileReference; explicitFileType = wrapper.framework; includeInIndex = 0; path = Pods_Jaem_iOSTests.framework; sourceTree = BUILT_PRODUCTS_DIR; };
		6A63F2BCB54EF1D9DBFF509E /* Pods-Jaem-iOSTests.debug.xcconfig */ = {isa = PBXFileReference; includeInIndex = 1; lastKnownFileType = text.xcconfig; name = "Pods-Jaem-iOSTests.debug.xcconfig"; path = "Pods/Target Support Files/Pods-Jaem-iOSTests/Pods-Jaem-iOSTests.debug.xcconfig"; sourceTree = "<group>"; };
		7A24E8CEB6D11A268BA7F138 /* Pods_Jaem_iOSUITests.framework */ = {isa = PBXFileReference; explicitFileType = wrapper.framework; includeInIndex = 0; path = Pods_Jaem_iOSUITests.framework; sourceTree = BUILT_PRODUCTS_DIR; };
		7D62D7BD77463E772A5A093E /* Pods_Jaem_iOS.framework */ = {isa = PBXFileReference; explicitFileType = wrapper.framework; includeInIndex = 0; path = Pods_Jaem_iOS.framework; sourceTree = BUILT_PRODUCTS_DIR; };
		ABF2B82440C3607470BB397C /* Pods-Jaem-iOSUITests.release.xcconfig */ = {isa = PBXFileReference; includeInIndex = 1; lastKnownFileType = text.xcconfig; name = "Pods-Jaem-iOSUITests.release.xcconfig"; path = "Pods/Target Support Files/Pods-Jaem-iOSUITests/Pods-Jaem-iOSUITests.release.xcconfig"; sourceTree = "<group>"; };
		AF03E12A1CBE24C900D1F1FC /* AgreementViewController.swift */ = {isa = PBXFileReference; fileEncoding = 4; lastKnownFileType = sourcecode.swift; name = AgreementViewController.swift; path = Controller/AgreementViewController.swift; sourceTree = "<group>"; };
		AF03E12C1CBE387200D1F1FC /* PreSearchViewController.swift */ = {isa = PBXFileReference; fileEncoding = 4; lastKnownFileType = sourcecode.swift; name = PreSearchViewController.swift; path = Controller/PreSearchViewController.swift; sourceTree = "<group>"; };
		AF03E1321CBE677700D1F1FC /* SearchTextCell.xib */ = {isa = PBXFileReference; fileEncoding = 4; lastKnownFileType = file.xib; name = SearchTextCell.xib; path = View/SearchTextCell.xib; sourceTree = "<group>"; };
		AF03E1341CBE67C000D1F1FC /* SearchTextCell.swift */ = {isa = PBXFileReference; fileEncoding = 4; lastKnownFileType = sourcecode.swift; name = SearchTextCell.swift; path = View/SearchTextCell.swift; sourceTree = "<group>"; };
		AF03E1361CBE896D00D1F1FC /* RealmModel.swift */ = {isa = PBXFileReference; fileEncoding = 4; lastKnownFileType = sourcecode.swift; path = RealmModel.swift; sourceTree = "<group>"; };
		AF04FD1B1CCB478D00289730 /* ClosetClothesInfoCell.swift */ = {isa = PBXFileReference; fileEncoding = 4; lastKnownFileType = sourcecode.swift; name = ClosetClothesInfoCell.swift; path = View/ClosetClothesInfoCell.swift; sourceTree = "<group>"; };
		AF04FD1D1CCB518800289730 /* ClosetCell.swift */ = {isa = PBXFileReference; fileEncoding = 4; lastKnownFileType = sourcecode.swift; name = ClosetCell.swift; path = View/ClosetCell.swift; sourceTree = "<group>"; };
		AF04FD1F1CCB534100289730 /* CoordiCell.swift */ = {isa = PBXFileReference; fileEncoding = 4; lastKnownFileType = sourcecode.swift; name = CoordiCell.swift; path = View/CoordiCell.swift; sourceTree = "<group>"; };
		AF04FD221CCB5E5B00289730 /* 1.png */ = {isa = PBXFileReference; lastKnownFileType = image.png; name = 1.png; path = ../../Resource/1.png; sourceTree = "<group>"; };
		AF04FD231CCB5E5B00289730 /* 2.png */ = {isa = PBXFileReference; lastKnownFileType = image.png; name = 2.png; path = ../../Resource/2.png; sourceTree = "<group>"; };
		AF04FD241CCB5E5B00289730 /* 3.png */ = {isa = PBXFileReference; lastKnownFileType = image.png; name = 3.png; path = ../../Resource/3.png; sourceTree = "<group>"; };
		AF04FD251CCB5E5B00289730 /* 4.png */ = {isa = PBXFileReference; lastKnownFileType = image.png; name = 4.png; path = ../../Resource/4.png; sourceTree = "<group>"; };
		AF04FD261CCB5E5B00289730 /* 5.png */ = {isa = PBXFileReference; lastKnownFileType = image.png; name = 5.png; path = ../../Resource/5.png; sourceTree = "<group>"; };
		AF04FD271CCB5E5B00289730 /* 6.png */ = {isa = PBXFileReference; lastKnownFileType = image.png; name = 6.png; path = ../../Resource/6.png; sourceTree = "<group>"; };
		AF04FD281CCB5E5B00289730 /* 7.png */ = {isa = PBXFileReference; lastKnownFileType = image.png; name = 7.png; path = ../../Resource/7.png; sourceTree = "<group>"; };
		AF04FD291CCB5E5B00289730 /* 8.png */ = {isa = PBXFileReference; lastKnownFileType = image.png; name = 8.png; path = ../../Resource/8.png; sourceTree = "<group>"; };
		AF04FD2A1CCB5E5B00289730 /* 9.png */ = {isa = PBXFileReference; lastKnownFileType = image.png; name = 9.png; path = ../../Resource/9.png; sourceTree = "<group>"; };
		AF04FD2B1CCB5E5B00289730 /* 10.png */ = {isa = PBXFileReference; lastKnownFileType = image.png; name = 10.png; path = ../../Resource/10.png; sourceTree = "<group>"; };
		AF0644161CB268F700EE3951 /* AdditionInfoViewController.swift */ = {isa = PBXFileReference; fileEncoding = 4; lastKnownFileType = sourcecode.swift; name = AdditionInfoViewController.swift; path = Controller/AdditionInfoViewController.swift; sourceTree = "<group>"; };
		AF2708321CA5746B00389A55 /* SelectGenderViewController.swift */ = {isa = PBXFileReference; fileEncoding = 4; lastKnownFileType = sourcecode.swift; name = SelectGenderViewController.swift; path = Controller/SelectGenderViewController.swift; sourceTree = "<group>"; };
		AF45544A1CB76C0600775D65 /* PanGestureInteractionController.swift */ = {isa = PBXFileReference; fileEncoding = 4; lastKnownFileType = sourcecode.swift; name = PanGestureInteractionController.swift; path = Controller/PanGestureInteractionController.swift; sourceTree = "<group>"; };
		AF45544D1CB78F2E00775D65 /* UIPanGestureRecognizer+Direction.swift */ = {isa = PBXFileReference; fileEncoding = 4; lastKnownFileType = sourcecode.swift; name = "UIPanGestureRecognizer+Direction.swift"; path = "extention/UIPanGestureRecognizer+Direction.swift"; sourceTree = "<group>"; };
		AF4554511CB7D79200775D65 /* CirclePresentationController.swift */ = {isa = PBXFileReference; fileEncoding = 4; lastKnownFileType = sourcecode.swift; name = CirclePresentationController.swift; path = Controller/CirclePresentationController.swift; sourceTree = "<group>"; };
		AF4DCD941CA385A000E5CC15 /* BodyViewController.swift */ = {isa = PBXFileReference; fileEncoding = 4; lastKnownFileType = sourcecode.swift; name = BodyViewController.swift; path = Controller/BodyViewController.swift; sourceTree = "<group>"; };
		AF4DCD961CA385B300E5CC15 /* ClosetViewController.swift */ = {isa = PBXFileReference; fileEncoding = 4; lastKnownFileType = sourcecode.swift; name = ClosetViewController.swift; path = Controller/ClosetViewController.swift; sourceTree = "<group>"; };
		AF4DCD981CA3B2AE00E5CC15 /* newyork_2705424b.jpg */ = {isa = PBXFileReference; lastKnownFileType = image.jpeg; name = newyork_2705424b.jpg; path = ../../../Pictures/newyork_2705424b.jpg; sourceTree = "<group>"; };
		AF4DCD9A1CA40C8700E5CC15 /* SizeDataCell.swift */ = {isa = PBXFileReference; fileEncoding = 4; lastKnownFileType = sourcecode.swift; name = SizeDataCell.swift; path = View/SizeDataCell.swift; sourceTree = "<group>"; };
		AF4DCD9C1CA414B000E5CC15 /* SectionHeaderView.swift */ = {isa = PBXFileReference; fileEncoding = 4; lastKnownFileType = sourcecode.swift; name = SectionHeaderView.swift; path = View/SectionHeaderView.swift; sourceTree = "<group>"; };
		AF63ADD91CAF9E1E00029E77 /* LoginViewController.swift */ = {isa = PBXFileReference; fileEncoding = 4; lastKnownFileType = sourcecode.swift; name = LoginViewController.swift; path = Controller/LoginViewController.swift; sourceTree = "<group>"; };
		AF63ADDB1CAF9E3E00029E77 /* RegisterViewController.swift */ = {isa = PBXFileReference; fileEncoding = 4; lastKnownFileType = sourcecode.swift; name = RegisterViewController.swift; path = Controller/RegisterViewController.swift; sourceTree = "<group>"; };
		AF63ADDD1CAFA59C00029E77 /* JaemViewStyleKit.swift */ = {isa = PBXFileReference; fileEncoding = 4; lastKnownFileType = sourcecode.swift; path = JaemViewStyleKit.swift; sourceTree = "<group>"; };
		AF63ADDF1CAFA8CA00029E77 /* TextFieldBorderView.swift */ = {isa = PBXFileReference; fileEncoding = 4; lastKnownFileType = sourcecode.swift; name = TextFieldBorderView.swift; path = View/TextFieldBorderView.swift; sourceTree = "<group>"; };
		AF63ADE11CB00A6000029E77 /* FindPasswordViewController.swift */ = {isa = PBXFileReference; fileEncoding = 4; lastKnownFileType = sourcecode.swift; name = FindPasswordViewController.swift; path = Controller/FindPasswordViewController.swift; sourceTree = "<group>"; };
		AF655F2B1CB619510015EE28 /* RegularFitViewController.swift */ = {isa = PBXFileReference; fileEncoding = 4; lastKnownFileType = sourcecode.swift; name = RegularFitViewController.swift; path = Controller/RegularFitViewController.swift; sourceTree = "<group>"; };
		AF655F2D1CB61A580015EE28 /* AddButtonView.swift */ = {isa = PBXFileReference; fileEncoding = 4; lastKnownFileType = sourcecode.swift; name = AddButtonView.swift; path = View/AddButtonView.swift; sourceTree = "<group>"; };
		AF655F2F1CB63C250015EE28 /* TypeCell.swift */ = {isa = PBXFileReference; fileEncoding = 4; lastKnownFileType = sourcecode.swift; name = TypeCell.swift; path = Controller/TypeCell.swift; sourceTree = "<group>"; };
		AF655F311CB63C910015EE28 /* MyRegularFitCell.swift */ = {isa = PBXFileReference; fileEncoding = 4; lastKnownFileType = sourcecode.swift; name = MyRegularFitCell.swift; path = Controller/MyRegularFitCell.swift; sourceTree = "<group>"; };
		AF655F331CB63CCD0015EE28 /* ClothesCell.swift */ = {isa = PBXFileReference; fileEncoding = 4; lastKnownFileType = sourcecode.swift; name = ClothesCell.swift; path = View/ClothesCell.swift; sourceTree = "<group>"; };
		AF696F321CC4AF3A0062CE6E /* UIImageView+DownloadImage.swift */ = {isa = PBXFileReference; fileEncoding = 4; lastKnownFileType = sourcecode.swift; path = "UIImageView+DownloadImage.swift"; sourceTree = "<group>"; };
		AF70D41F1CC3AA60005A395D /* NetworkModule.swift */ = {isa = PBXFileReference; fileEncoding = 4; lastKnownFileType = sourcecode.swift; path = NetworkModule.swift; sourceTree = "<group>"; };
		AF7CCCC91CCCA0E00045BDEF /* SizeClickView.swift */ = {isa = PBXFileReference; fileEncoding = 4; lastKnownFileType = sourcecode.swift; name = SizeClickView.swift; path = View/SizeClickView.swift; sourceTree = "<group>"; };
		AF7CCCCC1CCD19210045BDEF /* OpenSans-Regular.ttf */ = {isa = PBXFileReference; lastKnownFileType = file; path = "OpenSans-Regular.ttf"; sourceTree = "<group>"; };
		AF7CCCCE1CCD19650045BDEF /* OpenSans-Semibold.ttf */ = {isa = PBXFileReference; lastKnownFileType = file; path = "OpenSans-Semibold.ttf"; sourceTree = "<group>"; };
		AF7CCCD01CCD198A0045BDEF /* Typo_Round_Regular_Demo.otf */ = {isa = PBXFileReference; lastKnownFileType = file; path = Typo_Round_Regular_Demo.otf; sourceTree = "<group>"; };
		AF8D739C1CCA6087003C977B /* ClothesHeaderView.swift */ = {isa = PBXFileReference; fileEncoding = 4; lastKnownFileType = sourcecode.swift; name = ClothesHeaderView.swift; path = View/ClothesHeaderView.swift; sourceTree = "<group>"; };
		AFC24B321CA2533D002FA07B /* CardStackCell.swift */ = {isa = PBXFileReference; fileEncoding = 4; lastKnownFileType = sourcecode.swift; name = CardStackCell.swift; path = View/CardStackCell.swift; sourceTree = "<group>"; };
		AFC24B351CA2CF40002FA07B /* JaemIconStyleKit.swift */ = {isa = PBXFileReference; fileEncoding = 4; lastKnownFileType = sourcecode.swift; path = JaemIconStyleKit.swift; sourceTree = "<group>"; };
		AFC24B371CA2D064002FA07B /* CardStackIcon.swift */ = {isa = PBXFileReference; fileEncoding = 4; lastKnownFileType = sourcecode.swift; name = CardStackIcon.swift; path = View/CardStackIcon.swift; sourceTree = "<group>"; };
		AFC3589C1CB3E7A200A0CB1E /* CircleTransitionAnimationController.swift */ = {isa = PBXFileReference; fileEncoding = 4; lastKnownFileType = sourcecode.swift; name = CircleTransitionAnimationController.swift; path = Controller/CircleTransitionAnimationController.swift; sourceTree = "<group>"; };
		AFC3589E1CB3EB8900A0CB1E /* MeasureNaviController.swift */ = {isa = PBXFileReference; fileEncoding = 4; lastKnownFileType = sourcecode.swift; name = MeasureNaviController.swift; path = Controller/MeasureNaviController.swift; sourceTree = "<group>"; };
		AFC358A01CB3FFA400A0CB1E /* CardTabBarController.swift */ = {isa = PBXFileReference; fileEncoding = 4; lastKnownFileType = sourcecode.swift; name = CardTabBarController.swift; path = Controller/CardTabBarController.swift; sourceTree = "<group>"; };
		AFDC15911CC0D22B001253CA /* MakeURL.swift */ = {isa = PBXFileReference; fileEncoding = 4; lastKnownFileType = sourcecode.swift; path = MakeURL.swift; sourceTree = "<group>"; };
		AFDD17E01CA9779C005AF8BC /* MeasureViewController.swift */ = {isa = PBXFileReference; fileEncoding = 4; lastKnownFileType = sourcecode.swift; name = MeasureViewController.swift; path = Controller/MeasureViewController.swift; sourceTree = "<group>"; };
		AFDD17E21CAA5531005AF8BC /* ConnectionViewController.swift */ = {isa = PBXFileReference; fileEncoding = 4; lastKnownFileType = sourcecode.swift; name = ConnectionViewController.swift; path = Controller/ConnectionViewController.swift; sourceTree = "<group>"; };
		AFDD17E41CAA649B005AF8BC /* DeviceListTableViewController.swift */ = {isa = PBXFileReference; fileEncoding = 4; lastKnownFileType = sourcecode.swift; name = DeviceListTableViewController.swift; path = Controller/DeviceListTableViewController.swift; sourceTree = "<group>"; };
		AFDD17E61CAA9312005AF8BC /* PeripheralCell.swift */ = {isa = PBXFileReference; fileEncoding = 4; lastKnownFileType = sourcecode.swift; name = PeripheralCell.swift; path = View/PeripheralCell.swift; sourceTree = "<group>"; };
		AFEADDEA1CBB67770017BAD9 /* PopCircleView.swift */ = {isa = PBXFileReference; fileEncoding = 4; lastKnownFileType = sourcecode.swift; name = PopCircleView.swift; path = View/PopCircleView.swift; sourceTree = "<group>"; };
		AFEADDEE1CBB8E3C0017BAD9 /* AddCell.swift */ = {isa = PBXFileReference; fileEncoding = 4; lastKnownFileType = sourcecode.swift; name = AddCell.swift; path = View/AddCell.swift; sourceTree = "<group>"; };
		AFEADDF01CBBAFE80017BAD9 /* SearchViewController.swift */ = {isa = PBXFileReference; fileEncoding = 4; lastKnownFileType = sourcecode.swift; name = SearchViewController.swift; path = Controller/SearchViewController.swift; sourceTree = "<group>"; };
		AFEADDF21CBBBD860017BAD9 /* IMG_0272 Copy 2.png */ = {isa = PBXFileReference; lastKnownFileType = image.png; name = "IMG_0272 Copy 2.png"; path = "../../Resource/IMG_0272 Copy 2.png"; sourceTree = "<group>"; };
		AFEADDF41CBBBE1B0017BAD9 /* SearchResultCell.swift */ = {isa = PBXFileReference; fileEncoding = 4; lastKnownFileType = sourcecode.swift; name = SearchResultCell.swift; path = View/SearchResultCell.swift; sourceTree = "<group>"; };
		AFEADDF61CBBD8A50017BAD9 /* CategoryButton.swift */ = {isa = PBXFileReference; fileEncoding = 4; lastKnownFileType = sourcecode.swift; name = CategoryButton.swift; path = View/CategoryButton.swift; sourceTree = "<group>"; };
		AFEADDF81CBCF8810017BAD9 /* FitInfoView.swift */ = {isa = PBXFileReference; fileEncoding = 4; lastKnownFileType = sourcecode.swift; name = FitInfoView.swift; path = View/FitInfoView.swift; sourceTree = "<group>"; };
		AFEADDFA1CBD01790017BAD9 /* BottomCardView.swift */ = {isa = PBXFileReference; fileEncoding = 4; lastKnownFileType = sourcecode.swift; name = BottomCardView.swift; path = View/BottomCardView.swift; sourceTree = "<group>"; };
		AFEADDFC1CBD09E20017BAD9 /* ClothesDetailViewController.swift */ = {isa = PBXFileReference; fileEncoding = 4; lastKnownFileType = sourcecode.swift; name = ClothesDetailViewController.swift; path = Controller/ClothesDetailViewController.swift; sourceTree = "<group>"; };
		AFEADDFE1CBD32000017BAD9 /* FitSearchViewController.swift */ = {isa = PBXFileReference; fileEncoding = 4; lastKnownFileType = sourcecode.swift; name = FitSearchViewController.swift; path = Controller/FitSearchViewController.swift; sourceTree = "<group>"; };
		AFF70E111CABA5FA00E869A6 /* MeasureStepCell.swift */ = {isa = PBXFileReference; fileEncoding = 4; lastKnownFileType = sourcecode.swift; name = MeasureStepCell.swift; path = View/MeasureStepCell.swift; sourceTree = "<group>"; };
		AFF70E131CABAC0D00E869A6 /* MeasureContainerViewController.swift */ = {isa = PBXFileReference; fileEncoding = 4; lastKnownFileType = sourcecode.swift; name = MeasureContainerViewController.swift; path = Controller/MeasureContainerViewController.swift; sourceTree = "<group>"; };
		AFF70E151CAC111200E869A6 /* RulerView.swift */ = {isa = PBXFileReference; fileEncoding = 4; lastKnownFileType = sourcecode.swift; name = RulerView.swift; path = View/RulerView.swift; sourceTree = "<group>"; };
		AFFBBC121C9FFB3A00879BDC /* Jaem-iOS.app */ = {isa = PBXFileReference; explicitFileType = wrapper.application; includeInIndex = 0; path = "Jaem-iOS.app"; sourceTree = BUILT_PRODUCTS_DIR; };
		AFFBBC151C9FFB3A00879BDC /* AppDelegate.swift */ = {isa = PBXFileReference; lastKnownFileType = sourcecode.swift; path = AppDelegate.swift; sourceTree = "<group>"; };
		AFFBBC1C1C9FFB3A00879BDC /* Base */ = {isa = PBXFileReference; lastKnownFileType = file.storyboard; name = Base; path = Base.lproj/Main.storyboard; sourceTree = "<group>"; };
		AFFBBC1E1C9FFB3A00879BDC /* Assets.xcassets */ = {isa = PBXFileReference; lastKnownFileType = folder.assetcatalog; path = Assets.xcassets; sourceTree = "<group>"; };
		AFFBBC211C9FFB3A00879BDC /* Base */ = {isa = PBXFileReference; lastKnownFileType = file.storyboard; name = Base; path = Base.lproj/LaunchScreen.storyboard; sourceTree = "<group>"; };
		AFFBBC231C9FFB3A00879BDC /* Info.plist */ = {isa = PBXFileReference; lastKnownFileType = text.plist.xml; path = Info.plist; sourceTree = "<group>"; };
		AFFBBC281C9FFB3A00879BDC /* Jaem-iOSTests.xctest */ = {isa = PBXFileReference; explicitFileType = wrapper.cfbundle; includeInIndex = 0; path = "Jaem-iOSTests.xctest"; sourceTree = BUILT_PRODUCTS_DIR; };
		AFFBBC2C1C9FFB3A00879BDC /* Jaem_iOSTests.swift */ = {isa = PBXFileReference; lastKnownFileType = sourcecode.swift; path = Jaem_iOSTests.swift; sourceTree = "<group>"; };
		AFFBBC2E1C9FFB3A00879BDC /* Info.plist */ = {isa = PBXFileReference; lastKnownFileType = text.plist.xml; path = Info.plist; sourceTree = "<group>"; };
		AFFBBC331C9FFB3B00879BDC /* Jaem-iOSUITests.xctest */ = {isa = PBXFileReference; explicitFileType = wrapper.cfbundle; includeInIndex = 0; path = "Jaem-iOSUITests.xctest"; sourceTree = BUILT_PRODUCTS_DIR; };
		AFFBBC371C9FFB3B00879BDC /* Jaem_iOSUITests.swift */ = {isa = PBXFileReference; lastKnownFileType = sourcecode.swift; path = Jaem_iOSUITests.swift; sourceTree = "<group>"; };
		AFFBBC391C9FFB3B00879BDC /* Info.plist */ = {isa = PBXFileReference; lastKnownFileType = text.plist.xml; path = Info.plist; sourceTree = "<group>"; };
		AFFBBC481CA0017A00879BDC /* BTDiscovery.swift */ = {isa = PBXFileReference; fileEncoding = 4; lastKnownFileType = sourcecode.swift; path = BTDiscovery.swift; sourceTree = "<group>"; };
		AFFBBC491CA0017A00879BDC /* BTService.swift */ = {isa = PBXFileReference; fileEncoding = 4; lastKnownFileType = sourcecode.swift; path = BTService.swift; sourceTree = "<group>"; };
		AFFBBC521CA0241400879BDC /* CardStackLayout.swift */ = {isa = PBXFileReference; fileEncoding = 4; lastKnownFileType = sourcecode.swift; name = CardStackLayout.swift; path = Layout/CardStackLayout.swift; sourceTree = "<group>"; };
		B400C6ED59FACD37EC06F2FF /* Pods-Jaem-iOSUITests.debug.xcconfig */ = {isa = PBXFileReference; includeInIndex = 1; lastKnownFileType = text.xcconfig; name = "Pods-Jaem-iOSUITests.debug.xcconfig"; path = "Pods/Target Support Files/Pods-Jaem-iOSUITests/Pods-Jaem-iOSUITests.debug.xcconfig"; sourceTree = "<group>"; };
		F7474B1AF025322DEF59CF31 /* Pods-Jaem-iOSTests.release.xcconfig */ = {isa = PBXFileReference; includeInIndex = 1; lastKnownFileType = text.xcconfig; name = "Pods-Jaem-iOSTests.release.xcconfig"; path = "Pods/Target Support Files/Pods-Jaem-iOSTests/Pods-Jaem-iOSTests.release.xcconfig"; sourceTree = "<group>"; };
/* End PBXFileReference section */

/* Begin PBXFrameworksBuildPhase section */
		AFFBBC0F1C9FFB3A00879BDC /* Frameworks */ = {
			isa = PBXFrameworksBuildPhase;
			buildActionMask = 2147483647;
			files = (
				DA8B6FCA5298D7E35EF4AD92 /* Pods_Jaem_iOS.framework in Frameworks */,
			);
			runOnlyForDeploymentPostprocessing = 0;
		};
		AFFBBC251C9FFB3A00879BDC /* Frameworks */ = {
			isa = PBXFrameworksBuildPhase;
			buildActionMask = 2147483647;
			files = (
				F9E3180A5D50BC163343F750 /* Pods_Jaem_iOSTests.framework in Frameworks */,
			);
			runOnlyForDeploymentPostprocessing = 0;
		};
		AFFBBC301C9FFB3B00879BDC /* Frameworks */ = {
			isa = PBXFrameworksBuildPhase;
			buildActionMask = 2147483647;
			files = (
				322017136EBEB07E8052F320 /* Pods_Jaem_iOSUITests.framework in Frameworks */,
			);
			runOnlyForDeploymentPostprocessing = 0;
		};
/* End PBXFrameworksBuildPhase section */

/* Begin PBXGroup section */
		AF04FD211CCB5E4700289730 /* image */ = {
			isa = PBXGroup;
			children = (
				AF04FD221CCB5E5B00289730 /* 1.png */,
				AF04FD231CCB5E5B00289730 /* 2.png */,
				AF04FD241CCB5E5B00289730 /* 3.png */,
				AF04FD251CCB5E5B00289730 /* 4.png */,
				AF04FD261CCB5E5B00289730 /* 5.png */,
				AF04FD271CCB5E5B00289730 /* 6.png */,
				AF04FD281CCB5E5B00289730 /* 7.png */,
				AF04FD291CCB5E5B00289730 /* 8.png */,
				AF04FD2A1CCB5E5B00289730 /* 9.png */,
				AF04FD2B1CCB5E5B00289730 /* 10.png */,
			);
			name = image;
			sourceTree = "<group>";
		};
		AF45544C1CB78EF500775D65 /* extention */ = {
			isa = PBXGroup;
			children = (
				AF45544D1CB78F2E00775D65 /* UIPanGestureRecognizer+Direction.swift */,
			);
			name = extention;
			sourceTree = "<group>";
		};
		AF7CCCCB1CCD18E50045BDEF /* Font */ = {
			isa = PBXGroup;
			children = (
				AF7CCCCC1CCD19210045BDEF /* OpenSans-Regular.ttf */,
				AF7CCCCE1CCD19650045BDEF /* OpenSans-Semibold.ttf */,
				AF7CCCD01CCD198A0045BDEF /* Typo_Round_Regular_Demo.otf */,
			);
			name = Font;
			sourceTree = "<group>";
		};
		AFC24B311CA252C7002FA07B /* Cell */ = {
			isa = PBXGroup;
			children = (
				AF4DCD9C1CA414B000E5CC15 /* SectionHeaderView.swift */,
				AF8D739C1CCA6087003C977B /* ClothesHeaderView.swift */,
				AFC24B321CA2533D002FA07B /* CardStackCell.swift */,
				AF4DCD9A1CA40C8700E5CC15 /* SizeDataCell.swift */,
				AFDD17E61CAA9312005AF8BC /* PeripheralCell.swift */,
				AFF70E111CABA5FA00E869A6 /* MeasureStepCell.swift */,
				AF655F2F1CB63C250015EE28 /* TypeCell.swift */,
				AF655F311CB63C910015EE28 /* MyRegularFitCell.swift */,
				AF655F331CB63CCD0015EE28 /* ClothesCell.swift */,
				AFEADDEE1CBB8E3C0017BAD9 /* AddCell.swift */,
				AFEADDF41CBBBE1B0017BAD9 /* SearchResultCell.swift */,
				AF04FD1B1CCB478D00289730 /* ClosetClothesInfoCell.swift */,
				AF04FD1D1CCB518800289730 /* ClosetCell.swift */,
				AF04FD1F1CCB534100289730 /* CoordiCell.swift */,
			);
			name = Cell;
			sourceTree = "<group>";
		};
		AFC24B341CA2CF40002FA07B /* StyleKit */ = {
			isa = PBXGroup;
			children = (
				AFC24B351CA2CF40002FA07B /* JaemIconStyleKit.swift */,
				AF63ADDD1CAFA59C00029E77 /* JaemViewStyleKit.swift */,
			);
			path = StyleKit;
			sourceTree = "<group>";
		};
		AFC3589B1CB3E74300A0CB1E /* Transition */ = {
			isa = PBXGroup;
			children = (
				AFC3589C1CB3E7A200A0CB1E /* CircleTransitionAnimationController.swift */,
				AFC3589E1CB3EB8900A0CB1E /* MeasureNaviController.swift */,
				AF45544A1CB76C0600775D65 /* PanGestureInteractionController.swift */,
				AF4554511CB7D79200775D65 /* CirclePresentationController.swift */,
			);
			name = Transition;
			sourceTree = "<group>";
		};
		AFFBBC091C9FFB3A00879BDC = {
			isa = PBXGroup;
			children = (
				AFFBBC141C9FFB3A00879BDC /* Jaem-iOS */,
				AFFBBC2B1C9FFB3A00879BDC /* Jaem-iOSTests */,
				AFFBBC361C9FFB3B00879BDC /* Jaem-iOSUITests */,
				AFFBBC131C9FFB3A00879BDC /* Products */,
				DB31C9015B7AD01CD13BB5E1 /* Pods */,
				B721BB2ACDB11362C00B3547 /* Frameworks */,
			);
			sourceTree = "<group>";
		};
		AFFBBC131C9FFB3A00879BDC /* Products */ = {
			isa = PBXGroup;
			children = (
				AFFBBC121C9FFB3A00879BDC /* Jaem-iOS.app */,
				AFFBBC281C9FFB3A00879BDC /* Jaem-iOSTests.xctest */,
				AFFBBC331C9FFB3B00879BDC /* Jaem-iOSUITests.xctest */,
			);
			name = Products;
			sourceTree = "<group>";
		};
		AFFBBC141C9FFB3A00879BDC /* Jaem-iOS */ = {
			isa = PBXGroup;
			children = (
				AF7CCCCB1CCD18E50045BDEF /* Font */,
				AF45544C1CB78EF500775D65 /* extention */,
				AFC24B341CA2CF40002FA07B /* StyleKit */,
				AFFBBC511CA023DA00879BDC /* Layout */,
				AFFBBC471CA0017A00879BDC /* Model */,
				AFFBBC461CA0012200879BDC /* View */,
				AFFBBC451CA0010E00879BDC /* Controller */,
				AFFBBC151C9FFB3A00879BDC /* AppDelegate.swift */,
				AFFBBC1B1C9FFB3A00879BDC /* Main.storyboard */,
				AFFBBC1E1C9FFB3A00879BDC /* Assets.xcassets */,
				AFFBBC201C9FFB3A00879BDC /* LaunchScreen.storyboard */,
				AFFBBC231C9FFB3A00879BDC /* Info.plist */,
				AF4DCD981CA3B2AE00E5CC15 /* newyork_2705424b.jpg */,
				AFEADDF21CBBBD860017BAD9 /* IMG_0272 Copy 2.png */,
				AF04FD211CCB5E4700289730 /* image */,
			);
			path = "Jaem-iOS";
			sourceTree = "<group>";
		};
		AFFBBC2B1C9FFB3A00879BDC /* Jaem-iOSTests */ = {
			isa = PBXGroup;
			children = (
				AFFBBC2C1C9FFB3A00879BDC /* Jaem_iOSTests.swift */,
				AFFBBC2E1C9FFB3A00879BDC /* Info.plist */,
			);
			path = "Jaem-iOSTests";
			sourceTree = "<group>";
		};
		AFFBBC361C9FFB3B00879BDC /* Jaem-iOSUITests */ = {
			isa = PBXGroup;
			children = (
				AFFBBC371C9FFB3B00879BDC /* Jaem_iOSUITests.swift */,
				AFFBBC391C9FFB3B00879BDC /* Info.plist */,
			);
			path = "Jaem-iOSUITests";
			sourceTree = "<group>";
		};
		AFFBBC451CA0010E00879BDC /* Controller */ = {
			isa = PBXGroup;
			children = (
				AFC3589B1CB3E74300A0CB1E /* Transition */,
				AFC358A01CB3FFA400A0CB1E /* CardTabBarController.swift */,
				AF4DCD941CA385A000E5CC15 /* BodyViewController.swift */,
				AF4DCD961CA385B300E5CC15 /* ClosetViewController.swift */,
				AF2708321CA5746B00389A55 /* SelectGenderViewController.swift */,
				AFDD17E21CAA5531005AF8BC /* ConnectionViewController.swift */,
				AFDD17E41CAA649B005AF8BC /* DeviceListTableViewController.swift */,
				AFDD17E01CA9779C005AF8BC /* MeasureViewController.swift */,
				AFF70E131CABAC0D00E869A6 /* MeasureContainerViewController.swift */,
				AF0644161CB268F700EE3951 /* AdditionInfoViewController.swift */,
				AF63ADD91CAF9E1E00029E77 /* LoginViewController.swift */,
				AF63ADDB1CAF9E3E00029E77 /* RegisterViewController.swift */,
				AF63ADE11CB00A6000029E77 /* FindPasswordViewController.swift */,
				AF655F2B1CB619510015EE28 /* RegularFitViewController.swift */,
				AF03E12C1CBE387200D1F1FC /* PreSearchViewController.swift */,
				AFEADDF01CBBAFE80017BAD9 /* SearchViewController.swift */,
				AFEADDFC1CBD09E20017BAD9 /* ClothesDetailViewController.swift */,
				AFEADDFE1CBD32000017BAD9 /* FitSearchViewController.swift */,
				AF03E12A1CBE24C900D1F1FC /* AgreementViewController.swift */,
			);
			name = Controller;
			sourceTree = "<group>";
		};
		AFFBBC461CA0012200879BDC /* View */ = {
			isa = PBXGroup;
			children = (
				AFC24B311CA252C7002FA07B /* Cell */,
				AFC24B371CA2D064002FA07B /* CardStackIcon.swift */,
				AFF70E151CAC111200E869A6 /* RulerView.swift */,
				AF63ADDF1CAFA8CA00029E77 /* TextFieldBorderView.swift */,
				AF655F2D1CB61A580015EE28 /* AddButtonView.swift */,
				AFEADDEA1CBB67770017BAD9 /* PopCircleView.swift */,
				AFEADDF61CBBD8A50017BAD9 /* CategoryButton.swift */,
				AFEADDF81CBCF8810017BAD9 /* FitInfoView.swift */,
				AFEADDFA1CBD01790017BAD9 /* BottomCardView.swift */,
				AF03E1321CBE677700D1F1FC /* SearchTextCell.xib */,
				AF03E1341CBE67C000D1F1FC /* SearchTextCell.swift */,
				AF7CCCC91CCCA0E00045BDEF /* SizeClickView.swift */,
			);
			name = View;
			sourceTree = "<group>";
		};
		AFFBBC471CA0017A00879BDC /* Model */ = {
			isa = PBXGroup;
			children = (
				AFFBBC4C1CA0019900879BDC /* BLE */,
				AF03E1361CBE896D00D1F1FC /* RealmModel.swift */,
				AFDC15911CC0D22B001253CA /* MakeURL.swift */,
				AF70D41F1CC3AA60005A395D /* NetworkModule.swift */,
				AF696F321CC4AF3A0062CE6E /* UIImageView+DownloadImage.swift */,
			);
			path = Model;
			sourceTree = "<group>";
		};
		AFFBBC4C1CA0019900879BDC /* BLE */ = {
			isa = PBXGroup;
			children = (
				AFFBBC481CA0017A00879BDC /* BTDiscovery.swift */,
				AFFBBC491CA0017A00879BDC /* BTService.swift */,
			);
			name = BLE;
			sourceTree = "<group>";
		};
		AFFBBC511CA023DA00879BDC /* Layout */ = {
			isa = PBXGroup;
			children = (
				AFFBBC521CA0241400879BDC /* CardStackLayout.swift */,
			);
			name = Layout;
			sourceTree = "<group>";
		};
		B721BB2ACDB11362C00B3547 /* Frameworks */ = {
			isa = PBXGroup;
			children = (
				7D62D7BD77463E772A5A093E /* Pods_Jaem_iOS.framework */,
				2BC17E93F1E010033BC2969B /* Pods_Jaem_iOSTests.framework */,
				7A24E8CEB6D11A268BA7F138 /* Pods_Jaem_iOSUITests.framework */,
			);
			name = Frameworks;
			sourceTree = "<group>";
		};
		DB31C9015B7AD01CD13BB5E1 /* Pods */ = {
			isa = PBXGroup;
			children = (
				0D857276982C7F56A6EB67B3 /* Pods-Jaem-iOS.debug.xcconfig */,
				28F80882EDE64E626DF33F60 /* Pods-Jaem-iOS.release.xcconfig */,
				6A63F2BCB54EF1D9DBFF509E /* Pods-Jaem-iOSTests.debug.xcconfig */,
				F7474B1AF025322DEF59CF31 /* Pods-Jaem-iOSTests.release.xcconfig */,
				B400C6ED59FACD37EC06F2FF /* Pods-Jaem-iOSUITests.debug.xcconfig */,
				ABF2B82440C3607470BB397C /* Pods-Jaem-iOSUITests.release.xcconfig */,
			);
			name = Pods;
			sourceTree = "<group>";
		};
/* End PBXGroup section */

/* Begin PBXNativeTarget section */
		AFFBBC111C9FFB3A00879BDC /* Jaem-iOS */ = {
			isa = PBXNativeTarget;
			buildConfigurationList = AFFBBC3C1C9FFB3B00879BDC /* Build configuration list for PBXNativeTarget "Jaem-iOS" */;
			buildPhases = (
				757BF04A8C10392A6C3740C4 /* Check Pods Manifest.lock */,
				AFFBBC0E1C9FFB3A00879BDC /* Sources */,
				AFFBBC0F1C9FFB3A00879BDC /* Frameworks */,
				AFFBBC101C9FFB3A00879BDC /* Resources */,
				6BE3966C157067DD4754DA72 /* Embed Pods Frameworks */,
				655985825CA4E266232CD995 /* Copy Pods Resources */,
			);
			buildRules = (
			);
			dependencies = (
			);
			name = "Jaem-iOS";
			productName = "Jaem-iOS";
			productReference = AFFBBC121C9FFB3A00879BDC /* Jaem-iOS.app */;
			productType = "com.apple.product-type.application";
		};
		AFFBBC271C9FFB3A00879BDC /* Jaem-iOSTests */ = {
			isa = PBXNativeTarget;
			buildConfigurationList = AFFBBC3F1C9FFB3B00879BDC /* Build configuration list for PBXNativeTarget "Jaem-iOSTests" */;
			buildPhases = (
				861B6CEE39B9DA365ADFB686 /* Check Pods Manifest.lock */,
				AFFBBC241C9FFB3A00879BDC /* Sources */,
				AFFBBC251C9FFB3A00879BDC /* Frameworks */,
				AFFBBC261C9FFB3A00879BDC /* Resources */,
				3758545B4A3D8025543F519A /* Embed Pods Frameworks */,
				EE7469831C60573F28F215CD /* Copy Pods Resources */,
			);
			buildRules = (
			);
			dependencies = (
				AFFBBC2A1C9FFB3A00879BDC /* PBXTargetDependency */,
			);
			name = "Jaem-iOSTests";
			productName = "Jaem-iOSTests";
			productReference = AFFBBC281C9FFB3A00879BDC /* Jaem-iOSTests.xctest */;
			productType = "com.apple.product-type.bundle.unit-test";
		};
		AFFBBC321C9FFB3B00879BDC /* Jaem-iOSUITests */ = {
			isa = PBXNativeTarget;
			buildConfigurationList = AFFBBC421C9FFB3B00879BDC /* Build configuration list for PBXNativeTarget "Jaem-iOSUITests" */;
			buildPhases = (
				089B857CA1F9C4EF70F7E53D /* Check Pods Manifest.lock */,
				AFFBBC2F1C9FFB3B00879BDC /* Sources */,
				AFFBBC301C9FFB3B00879BDC /* Frameworks */,
				AFFBBC311C9FFB3B00879BDC /* Resources */,
				4DC60F39505E85B9E4A2DF25 /* Copy Pods Resources */,
			);
			buildRules = (
			);
			dependencies = (
				AFFBBC351C9FFB3B00879BDC /* PBXTargetDependency */,
			);
			name = "Jaem-iOSUITests";
			productName = "Jaem-iOSUITests";
			productReference = AFFBBC331C9FFB3B00879BDC /* Jaem-iOSUITests.xctest */;
			productType = "com.apple.product-type.bundle.ui-testing";
		};
/* End PBXNativeTarget section */

/* Begin PBXProject section */
		AFFBBC0A1C9FFB3A00879BDC /* Project object */ = {
			isa = PBXProject;
			attributes = {
				LastSwiftUpdateCheck = 0720;
				LastUpgradeCheck = 0720;
				ORGANIZATIONNAME = whataday;
				TargetAttributes = {
					AFFBBC111C9FFB3A00879BDC = {
						CreatedOnToolsVersion = 7.2.1;
					};
					AFFBBC271C9FFB3A00879BDC = {
						CreatedOnToolsVersion = 7.2.1;
						TestTargetID = AFFBBC111C9FFB3A00879BDC;
					};
					AFFBBC321C9FFB3B00879BDC = {
						CreatedOnToolsVersion = 7.2.1;
						TestTargetID = AFFBBC111C9FFB3A00879BDC;
					};
				};
			};
			buildConfigurationList = AFFBBC0D1C9FFB3A00879BDC /* Build configuration list for PBXProject "Jaem-iOS" */;
			compatibilityVersion = "Xcode 3.2";
			developmentRegion = English;
			hasScannedForEncodings = 0;
			knownRegions = (
				en,
				Base,
			);
			mainGroup = AFFBBC091C9FFB3A00879BDC;
			productRefGroup = AFFBBC131C9FFB3A00879BDC /* Products */;
			projectDirPath = "";
			projectRoot = "";
			targets = (
				AFFBBC111C9FFB3A00879BDC /* Jaem-iOS */,
				AFFBBC271C9FFB3A00879BDC /* Jaem-iOSTests */,
				AFFBBC321C9FFB3B00879BDC /* Jaem-iOSUITests */,
			);
		};
/* End PBXProject section */

/* Begin PBXResourcesBuildPhase section */
		AFFBBC101C9FFB3A00879BDC /* Resources */ = {
			isa = PBXResourcesBuildPhase;
			buildActionMask = 2147483647;
			files = (
				AF04FD301CCB5E5B00289730 /* 5.png in Resources */,
				AF04FD321CCB5E5B00289730 /* 7.png in Resources */,
				AFFBBC221C9FFB3A00879BDC /* LaunchScreen.storyboard in Resources */,
				AF04FD341CCB5E5B00289730 /* 9.png in Resources */,
				AFFBBC1F1C9FFB3A00879BDC /* Assets.xcassets in Resources */,
				AF04FD2D1CCB5E5B00289730 /* 2.png in Resources */,
				AF04FD2E1CCB5E5B00289730 /* 3.png in Resources */,
				AF04FD331CCB5E5B00289730 /* 8.png in Resources */,
				AFEADDF31CBBBD860017BAD9 /* IMG_0272 Copy 2.png in Resources */,
				AF04FD311CCB5E5B00289730 /* 6.png in Resources */,
				AF04FD351CCB5E5B00289730 /* 10.png in Resources */,
				AFFBBC1D1C9FFB3A00879BDC /* Main.storyboard in Resources */,
				AF7CCCCF1CCD19650045BDEF /* OpenSans-Semibold.ttf in Resources */,
				AF03E1331CBE677700D1F1FC /* SearchTextCell.xib in Resources */,
				AF4DCD991CA3B2AE00E5CC15 /* newyork_2705424b.jpg in Resources */,
				AF7CCCCD1CCD19210045BDEF /* OpenSans-Regular.ttf in Resources */,
				AF04FD2F1CCB5E5B00289730 /* 4.png in Resources */,
				AF04FD2C1CCB5E5B00289730 /* 1.png in Resources */,
			);
			runOnlyForDeploymentPostprocessing = 0;
		};
		AFFBBC261C9FFB3A00879BDC /* Resources */ = {
			isa = PBXResourcesBuildPhase;
			buildActionMask = 2147483647;
			files = (
			);
			runOnlyForDeploymentPostprocessing = 0;
		};
		AFFBBC311C9FFB3B00879BDC /* Resources */ = {
			isa = PBXResourcesBuildPhase;
			buildActionMask = 2147483647;
			files = (
			);
			runOnlyForDeploymentPostprocessing = 0;
		};
/* End PBXResourcesBuildPhase section */

/* Begin PBXShellScriptBuildPhase section */
		089B857CA1F9C4EF70F7E53D /* Check Pods Manifest.lock */ = {
			isa = PBXShellScriptBuildPhase;
			buildActionMask = 2147483647;
			files = (
			);
			inputPaths = (
			);
			name = "Check Pods Manifest.lock";
			outputPaths = (
			);
			runOnlyForDeploymentPostprocessing = 0;
			shellPath = /bin/sh;
			shellScript = "diff \"${PODS_ROOT}/../Podfile.lock\" \"${PODS_ROOT}/Manifest.lock\" > /dev/null\nif [[ $? != 0 ]] ; then\n    cat << EOM\nerror: The sandbox is not in sync with the Podfile.lock. Run 'pod install' or update your CocoaPods installation.\nEOM\n    exit 1\nfi\n";
			showEnvVarsInLog = 0;
		};
		3758545B4A3D8025543F519A /* Embed Pods Frameworks */ = {
			isa = PBXShellScriptBuildPhase;
			buildActionMask = 2147483647;
			files = (
			);
			inputPaths = (
			);
			name = "Embed Pods Frameworks";
			outputPaths = (
			);
			runOnlyForDeploymentPostprocessing = 0;
			shellPath = /bin/sh;
			shellScript = "\"${SRCROOT}/Pods/Target Support Files/Pods-Jaem-iOSTests/Pods-Jaem-iOSTests-frameworks.sh\"\n";
			showEnvVarsInLog = 0;
		};
		4DC60F39505E85B9E4A2DF25 /* Copy Pods Resources */ = {
			isa = PBXShellScriptBuildPhase;
			buildActionMask = 2147483647;
			files = (
			);
			inputPaths = (
			);
			name = "Copy Pods Resources";
			outputPaths = (
			);
			runOnlyForDeploymentPostprocessing = 0;
			shellPath = /bin/sh;
			shellScript = "\"${SRCROOT}/Pods/Target Support Files/Pods-Jaem-iOSUITests/Pods-Jaem-iOSUITests-resources.sh\"\n";
			showEnvVarsInLog = 0;
		};
		655985825CA4E266232CD995 /* Copy Pods Resources */ = {
			isa = PBXShellScriptBuildPhase;
			buildActionMask = 2147483647;
			files = (
			);
			inputPaths = (
			);
			name = "Copy Pods Resources";
			outputPaths = (
			);
			runOnlyForDeploymentPostprocessing = 0;
			shellPath = /bin/sh;
			shellScript = "\"${SRCROOT}/Pods/Target Support Files/Pods-Jaem-iOS/Pods-Jaem-iOS-resources.sh\"\n";
			showEnvVarsInLog = 0;
		};
		6BE3966C157067DD4754DA72 /* Embed Pods Frameworks */ = {
			isa = PBXShellScriptBuildPhase;
			buildActionMask = 2147483647;
			files = (
			);
			inputPaths = (
			);
			name = "Embed Pods Frameworks";
			outputPaths = (
			);
			runOnlyForDeploymentPostprocessing = 0;
			shellPath = /bin/sh;
			shellScript = "\"${SRCROOT}/Pods/Target Support Files/Pods-Jaem-iOS/Pods-Jaem-iOS-frameworks.sh\"\n";
			showEnvVarsInLog = 0;
		};
		757BF04A8C10392A6C3740C4 /* Check Pods Manifest.lock */ = {
			isa = PBXShellScriptBuildPhase;
			buildActionMask = 2147483647;
			files = (
			);
			inputPaths = (
			);
			name = "Check Pods Manifest.lock";
			outputPaths = (
			);
			runOnlyForDeploymentPostprocessing = 0;
			shellPath = /bin/sh;
			shellScript = "diff \"${PODS_ROOT}/../Podfile.lock\" \"${PODS_ROOT}/Manifest.lock\" > /dev/null\nif [[ $? != 0 ]] ; then\n    cat << EOM\nerror: The sandbox is not in sync with the Podfile.lock. Run 'pod install' or update your CocoaPods installation.\nEOM\n    exit 1\nfi\n";
			showEnvVarsInLog = 0;
		};
		861B6CEE39B9DA365ADFB686 /* Check Pods Manifest.lock */ = {
			isa = PBXShellScriptBuildPhase;
			buildActionMask = 2147483647;
			files = (
			);
			inputPaths = (
			);
			name = "Check Pods Manifest.lock";
			outputPaths = (
			);
			runOnlyForDeploymentPostprocessing = 0;
			shellPath = /bin/sh;
			shellScript = "diff \"${PODS_ROOT}/../Podfile.lock\" \"${PODS_ROOT}/Manifest.lock\" > /dev/null\nif [[ $? != 0 ]] ; then\n    cat << EOM\nerror: The sandbox is not in sync with the Podfile.lock. Run 'pod install' or update your CocoaPods installation.\nEOM\n    exit 1\nfi\n";
			showEnvVarsInLog = 0;
		};
		EE7469831C60573F28F215CD /* Copy Pods Resources */ = {
			isa = PBXShellScriptBuildPhase;
			buildActionMask = 2147483647;
			files = (
			);
			inputPaths = (
			);
			name = "Copy Pods Resources";
			outputPaths = (
			);
			runOnlyForDeploymentPostprocessing = 0;
			shellPath = /bin/sh;
			shellScript = "\"${SRCROOT}/Pods/Target Support Files/Pods-Jaem-iOSTests/Pods-Jaem-iOSTests-resources.sh\"\n";
			showEnvVarsInLog = 0;
		};
/* End PBXShellScriptBuildPhase section */

/* Begin PBXSourcesBuildPhase section */
		AFFBBC0E1C9FFB3A00879BDC /* Sources */ = {
			isa = PBXSourcesBuildPhase;
			buildActionMask = 2147483647;
			files = (
				AF04FD1C1CCB478D00289730 /* ClosetClothesInfoCell.swift in Sources */,
				AFEADDFD1CBD09E20017BAD9 /* ClothesDetailViewController.swift in Sources */,
				AFC24B331CA2533D002FA07B /* CardStackCell.swift in Sources */,
				AFDD17E71CAA9312005AF8BC /* PeripheralCell.swift in Sources */,
				AF655F341CB63CCD0015EE28 /* ClothesCell.swift in Sources */,
				AF696F331CC4AF3A0062CE6E /* UIImageView+DownloadImage.swift in Sources */,
				AFC358A11CB3FFA400A0CB1E /* CardTabBarController.swift in Sources */,
				AFEADDF71CBBD8A50017BAD9 /* CategoryButton.swift in Sources */,
				AF63ADDE1CAFA59C00029E77 /* JaemViewStyleKit.swift in Sources */,
				AF03E12B1CBE24C900D1F1FC /* AgreementViewController.swift in Sources */,
				AF8D739D1CCA6087003C977B /* ClothesHeaderView.swift in Sources */,
				AFC24B381CA2D064002FA07B /* CardStackIcon.swift in Sources */,
				AFF70E121CABA5FA00E869A6 /* MeasureStepCell.swift in Sources */,
				AF4DCD9D1CA414B000E5CC15 /* SectionHeaderView.swift in Sources */,
				AFEADDFB1CBD01790017BAD9 /* BottomCardView.swift in Sources */,
				AFEADDEB1CBB67770017BAD9 /* PopCircleView.swift in Sources */,
				AFDD17E11CA9779C005AF8BC /* MeasureViewController.swift in Sources */,
				AF4DCD9B1CA40C8700E5CC15 /* SizeDataCell.swift in Sources */,
				AFEADDF91CBCF8810017BAD9 /* FitInfoView.swift in Sources */,
				AFEADDEF1CBB8E3C0017BAD9 /* AddCell.swift in Sources */,
				AFF70E141CABAC0D00E869A6 /* MeasureContainerViewController.swift in Sources */,
				AFC24B361CA2CF40002FA07B /* JaemIconStyleKit.swift in Sources */,
				AFEADDF51CBBBE1B0017BAD9 /* SearchResultCell.swift in Sources */,
				AF655F301CB63C250015EE28 /* TypeCell.swift in Sources */,
				AF655F2C1CB619510015EE28 /* RegularFitViewController.swift in Sources */,
				AF63ADDA1CAF9E1E00029E77 /* LoginViewController.swift in Sources */,
				AF7CCCCA1CCCA0E00045BDEF /* SizeClickView.swift in Sources */,
				AFFBBC161C9FFB3A00879BDC /* AppDelegate.swift in Sources */,
				AF45544E1CB78F2E00775D65 /* UIPanGestureRecognizer+Direction.swift in Sources */,
				AFDC15921CC0D22C001253CA /* MakeURL.swift in Sources */,
				AFC3589F1CB3EB8900A0CB1E /* MeasureNaviController.swift in Sources */,
				AF655F321CB63C910015EE28 /* MyRegularFitCell.swift in Sources */,
				AFEADDF11CBBAFE80017BAD9 /* SearchViewController.swift in Sources */,
				AF4554521CB7D79200775D65 /* CirclePresentationController.swift in Sources */,
				AF04FD1E1CCB518800289730 /* ClosetCell.swift in Sources */,
				AFDD17E31CAA5531005AF8BC /* ConnectionViewController.swift in Sources */,
				AF655F2E1CB61A580015EE28 /* AddButtonView.swift in Sources */,
				AFEADDFF1CBD32000017BAD9 /* FitSearchViewController.swift in Sources */,
				AF4DCD971CA385B300E5CC15 /* ClosetViewController.swift in Sources */,
				AF63ADDC1CAF9E3E00029E77 /* RegisterViewController.swift in Sources */,
				AF0644171CB268F700EE3951 /* AdditionInfoViewController.swift in Sources */,
				AF4DCD951CA385A000E5CC15 /* BodyViewController.swift in Sources */,
				AF03E1371CBE896D00D1F1FC /* RealmModel.swift in Sources */,
				AF2708331CA5746B00389A55 /* SelectGenderViewController.swift in Sources */,
				AF04FD201CCB534100289730 /* CoordiCell.swift in Sources */,
				AFF70E161CAC111200E869A6 /* RulerView.swift in Sources */,
				AFC3589D1CB3E7A200A0CB1E /* CircleTransitionAnimationController.swift in Sources */,
				AF63ADE21CB00A6000029E77 /* FindPasswordViewController.swift in Sources */,
				AFFBBC4B1CA0017A00879BDC /* BTService.swift in Sources */,
				AFFBBC4A1CA0017A00879BDC /* BTDiscovery.swift in Sources */,
				AF03E1351CBE67C000D1F1FC /* SearchTextCell.swift in Sources */,
				AF63ADE01CAFA8CA00029E77 /* TextFieldBorderView.swift in Sources */,
				AFFBBC531CA0241400879BDC /* CardStackLayout.swift in Sources */,
				AF70D4201CC3AA60005A395D /* NetworkModule.swift in Sources */,
				AF03E12D1CBE387200D1F1FC /* PreSearchViewController.swift in Sources */,
				AF45544B1CB76C0600775D65 /* PanGestureInteractionController.swift in Sources */,
				AFDD17E51CAA649B005AF8BC /* DeviceListTableViewController.swift in Sources */,
			);
			runOnlyForDeploymentPostprocessing = 0;
		};
		AFFBBC241C9FFB3A00879BDC /* Sources */ = {
			isa = PBXSourcesBuildPhase;
			buildActionMask = 2147483647;
			files = (
				AFFBBC2D1C9FFB3A00879BDC /* Jaem_iOSTests.swift in Sources */,
			);
			runOnlyForDeploymentPostprocessing = 0;
		};
		AFFBBC2F1C9FFB3B00879BDC /* Sources */ = {
			isa = PBXSourcesBuildPhase;
			buildActionMask = 2147483647;
			files = (
				AFFBBC381C9FFB3B00879BDC /* Jaem_iOSUITests.swift in Sources */,
			);
			runOnlyForDeploymentPostprocessing = 0;
		};
/* End PBXSourcesBuildPhase section */

/* Begin PBXTargetDependency section */
		AFFBBC2A1C9FFB3A00879BDC /* PBXTargetDependency */ = {
			isa = PBXTargetDependency;
			target = AFFBBC111C9FFB3A00879BDC /* Jaem-iOS */;
			targetProxy = AFFBBC291C9FFB3A00879BDC /* PBXContainerItemProxy */;
		};
		AFFBBC351C9FFB3B00879BDC /* PBXTargetDependency */ = {
			isa = PBXTargetDependency;
			target = AFFBBC111C9FFB3A00879BDC /* Jaem-iOS */;
			targetProxy = AFFBBC341C9FFB3B00879BDC /* PBXContainerItemProxy */;
		};
/* End PBXTargetDependency section */

/* Begin PBXVariantGroup section */
		AFFBBC1B1C9FFB3A00879BDC /* Main.storyboard */ = {
			isa = PBXVariantGroup;
			children = (
				AFFBBC1C1C9FFB3A00879BDC /* Base */,
			);
			name = Main.storyboard;
			sourceTree = "<group>";
		};
		AFFBBC201C9FFB3A00879BDC /* LaunchScreen.storyboard */ = {
			isa = PBXVariantGroup;
			children = (
				AFFBBC211C9FFB3A00879BDC /* Base */,
			);
			name = LaunchScreen.storyboard;
			sourceTree = "<group>";
		};
/* End PBXVariantGroup section */

/* Begin XCBuildConfiguration section */
		AFFBBC3A1C9FFB3B00879BDC /* Debug */ = {
			isa = XCBuildConfiguration;
			buildSettings = {
				ALWAYS_SEARCH_USER_PATHS = NO;
				CLANG_CXX_LANGUAGE_STANDARD = "gnu++0x";
				CLANG_CXX_LIBRARY = "libc++";
				CLANG_ENABLE_MODULES = YES;
				CLANG_ENABLE_OBJC_ARC = YES;
				CLANG_WARN_BOOL_CONVERSION = YES;
				CLANG_WARN_CONSTANT_CONVERSION = YES;
				CLANG_WARN_DIRECT_OBJC_ISA_USAGE = YES_ERROR;
				CLANG_WARN_EMPTY_BODY = YES;
				CLANG_WARN_ENUM_CONVERSION = YES;
				CLANG_WARN_INT_CONVERSION = YES;
				CLANG_WARN_OBJC_ROOT_CLASS = YES_ERROR;
				CLANG_WARN_UNREACHABLE_CODE = YES;
				CLANG_WARN__DUPLICATE_METHOD_MATCH = YES;
				"CODE_SIGN_IDENTITY[sdk=iphoneos*]" = "iPhone Developer";
				COPY_PHASE_STRIP = NO;
				DEBUG_INFORMATION_FORMAT = dwarf;
				ENABLE_STRICT_OBJC_MSGSEND = YES;
				ENABLE_TESTABILITY = YES;
				GCC_C_LANGUAGE_STANDARD = gnu99;
				GCC_DYNAMIC_NO_PIC = NO;
				GCC_NO_COMMON_BLOCKS = YES;
				GCC_OPTIMIZATION_LEVEL = 0;
				GCC_PREPROCESSOR_DEFINITIONS = (
					"DEBUG=1",
					"$(inherited)",
				);
				GCC_WARN_64_TO_32_BIT_CONVERSION = YES;
				GCC_WARN_ABOUT_RETURN_TYPE = YES_ERROR;
				GCC_WARN_UNDECLARED_SELECTOR = YES;
				GCC_WARN_UNINITIALIZED_AUTOS = YES_AGGRESSIVE;
				GCC_WARN_UNUSED_FUNCTION = YES;
				GCC_WARN_UNUSED_VARIABLE = YES;
				IPHONEOS_DEPLOYMENT_TARGET = 9.2;
				MTL_ENABLE_DEBUG_INFO = YES;
				ONLY_ACTIVE_ARCH = YES;
				SDKROOT = iphoneos;
				SWIFT_OPTIMIZATION_LEVEL = "-Onone";
			};
			name = Debug;
		};
		AFFBBC3B1C9FFB3B00879BDC /* Release */ = {
			isa = XCBuildConfiguration;
			buildSettings = {
				ALWAYS_SEARCH_USER_PATHS = NO;
				CLANG_CXX_LANGUAGE_STANDARD = "gnu++0x";
				CLANG_CXX_LIBRARY = "libc++";
				CLANG_ENABLE_MODULES = YES;
				CLANG_ENABLE_OBJC_ARC = YES;
				CLANG_WARN_BOOL_CONVERSION = YES;
				CLANG_WARN_CONSTANT_CONVERSION = YES;
				CLANG_WARN_DIRECT_OBJC_ISA_USAGE = YES_ERROR;
				CLANG_WARN_EMPTY_BODY = YES;
				CLANG_WARN_ENUM_CONVERSION = YES;
				CLANG_WARN_INT_CONVERSION = YES;
				CLANG_WARN_OBJC_ROOT_CLASS = YES_ERROR;
				CLANG_WARN_UNREACHABLE_CODE = YES;
				CLANG_WARN__DUPLICATE_METHOD_MATCH = YES;
				"CODE_SIGN_IDENTITY[sdk=iphoneos*]" = "iPhone Developer";
				COPY_PHASE_STRIP = NO;
				DEBUG_INFORMATION_FORMAT = "dwarf-with-dsym";
				ENABLE_NS_ASSERTIONS = NO;
				ENABLE_STRICT_OBJC_MSGSEND = YES;
				GCC_C_LANGUAGE_STANDARD = gnu99;
				GCC_NO_COMMON_BLOCKS = YES;
				GCC_WARN_64_TO_32_BIT_CONVERSION = YES;
				GCC_WARN_ABOUT_RETURN_TYPE = YES_ERROR;
				GCC_WARN_UNDECLARED_SELECTOR = YES;
				GCC_WARN_UNINITIALIZED_AUTOS = YES_AGGRESSIVE;
				GCC_WARN_UNUSED_FUNCTION = YES;
				GCC_WARN_UNUSED_VARIABLE = YES;
				IPHONEOS_DEPLOYMENT_TARGET = 9.2;
				MTL_ENABLE_DEBUG_INFO = NO;
				SDKROOT = iphoneos;
				VALIDATE_PRODUCT = YES;
			};
			name = Release;
		};
		AFFBBC3D1C9FFB3B00879BDC /* Debug */ = {
			isa = XCBuildConfiguration;
			baseConfigurationReference = 0D857276982C7F56A6EB67B3 /* Pods-Jaem-iOS.debug.xcconfig */;
			buildSettings = {
				ASSETCATALOG_COMPILER_APPICON_NAME = AppIcon;
				INFOPLIST_FILE = "Jaem-iOS/Info.plist";
				IPHONEOS_DEPLOYMENT_TARGET = 9.1;
				LD_RUNPATH_SEARCH_PATHS = "$(inherited) @executable_path/Frameworks";
				PRODUCT_BUNDLE_IDENTIFIER = "com.whataday.Jaem-iOS";
				PRODUCT_NAME = "$(TARGET_NAME)";
			};
			name = Debug;
		};
		AFFBBC3E1C9FFB3B00879BDC /* Release */ = {
			isa = XCBuildConfiguration;
			baseConfigurationReference = 28F80882EDE64E626DF33F60 /* Pods-Jaem-iOS.release.xcconfig */;
			buildSettings = {
				ASSETCATALOG_COMPILER_APPICON_NAME = AppIcon;
				INFOPLIST_FILE = "Jaem-iOS/Info.plist";
				IPHONEOS_DEPLOYMENT_TARGET = 9.1;
				LD_RUNPATH_SEARCH_PATHS = "$(inherited) @executable_path/Frameworks";
				PRODUCT_BUNDLE_IDENTIFIER = "com.whataday.Jaem-iOS";
				PRODUCT_NAME = "$(TARGET_NAME)";
			};
			name = Release;
		};
		AFFBBC401C9FFB3B00879BDC /* Debug */ = {
			isa = XCBuildConfiguration;
			baseConfigurationReference = 6A63F2BCB54EF1D9DBFF509E /* Pods-Jaem-iOSTests.debug.xcconfig */;
			buildSettings = {
				BUNDLE_LOADER = "$(TEST_HOST)";
				INFOPLIST_FILE = "Jaem-iOSTests/Info.plist";
				LD_RUNPATH_SEARCH_PATHS = "$(inherited) @executable_path/Frameworks @loader_path/Frameworks";
				PRODUCT_BUNDLE_IDENTIFIER = "com.whataday.Jaem-iOSTests";
				PRODUCT_NAME = "$(TARGET_NAME)";
				TEST_HOST = "$(BUILT_PRODUCTS_DIR)/Jaem-iOS.app/Jaem-iOS";
			};
			name = Debug;
		};
		AFFBBC411C9FFB3B00879BDC /* Release */ = {
			isa = XCBuildConfiguration;
			baseConfigurationReference = F7474B1AF025322DEF59CF31 /* Pods-Jaem-iOSTests.release.xcconfig */;
			buildSettings = {
				BUNDLE_LOADER = "$(TEST_HOST)";
				INFOPLIST_FILE = "Jaem-iOSTests/Info.plist";
				LD_RUNPATH_SEARCH_PATHS = "$(inherited) @executable_path/Frameworks @loader_path/Frameworks";
				PRODUCT_BUNDLE_IDENTIFIER = "com.whataday.Jaem-iOSTests";
				PRODUCT_NAME = "$(TARGET_NAME)";
				TEST_HOST = "$(BUILT_PRODUCTS_DIR)/Jaem-iOS.app/Jaem-iOS";
			};
			name = Release;
		};
		AFFBBC431C9FFB3B00879BDC /* Debug */ = {
			isa = XCBuildConfiguration;
			baseConfigurationReference = B400C6ED59FACD37EC06F2FF /* Pods-Jaem-iOSUITests.debug.xcconfig */;
			buildSettings = {
				INFOPLIST_FILE = "Jaem-iOSUITests/Info.plist";
				LD_RUNPATH_SEARCH_PATHS = "$(inherited) @executable_path/Frameworks @loader_path/Frameworks";
				PRODUCT_BUNDLE_IDENTIFIER = "com.whataday.Jaem-iOSUITests";
				PRODUCT_NAME = "$(TARGET_NAME)";
				TEST_TARGET_NAME = "Jaem-iOS";
				USES_XCTRUNNER = YES;
			};
			name = Debug;
		};
		AFFBBC441C9FFB3B00879BDC /* Release */ = {
			isa = XCBuildConfiguration;
			baseConfigurationReference = ABF2B82440C3607470BB397C /* Pods-Jaem-iOSUITests.release.xcconfig */;
			buildSettings = {
				INFOPLIST_FILE = "Jaem-iOSUITests/Info.plist";
				LD_RUNPATH_SEARCH_PATHS = "$(inherited) @executable_path/Frameworks @loader_path/Frameworks";
				PRODUCT_BUNDLE_IDENTIFIER = "com.whataday.Jaem-iOSUITests";
				PRODUCT_NAME = "$(TARGET_NAME)";
				TEST_TARGET_NAME = "Jaem-iOS";
				USES_XCTRUNNER = YES;
			};
			name = Release;
		};
/* End XCBuildConfiguration section */

/* Begin XCConfigurationList section */
		AFFBBC0D1C9FFB3A00879BDC /* Build configuration list for PBXProject "Jaem-iOS" */ = {
			isa = XCConfigurationList;
			buildConfigurations = (
				AFFBBC3A1C9FFB3B00879BDC /* Debug */,
				AFFBBC3B1C9FFB3B00879BDC /* Release */,
			);
			defaultConfigurationIsVisible = 0;
			defaultConfigurationName = Release;
		};
		AFFBBC3C1C9FFB3B00879BDC /* Build configuration list for PBXNativeTarget "Jaem-iOS" */ = {
			isa = XCConfigurationList;
			buildConfigurations = (
				AFFBBC3D1C9FFB3B00879BDC /* Debug */,
				AFFBBC3E1C9FFB3B00879BDC /* Release */,
			);
			defaultConfigurationIsVisible = 0;
			defaultConfigurationName = Release;
		};
		AFFBBC3F1C9FFB3B00879BDC /* Build configuration list for PBXNativeTarget "Jaem-iOSTests" */ = {
			isa = XCConfigurationList;
			buildConfigurations = (
				AFFBBC401C9FFB3B00879BDC /* Debug */,
				AFFBBC411C9FFB3B00879BDC /* Release */,
			);
			defaultConfigurationIsVisible = 0;
			defaultConfigurationName = Release;
		};
		AFFBBC421C9FFB3B00879BDC /* Build configuration list for PBXNativeTarget "Jaem-iOSUITests" */ = {
			isa = XCConfigurationList;
			buildConfigurations = (
				AFFBBC431C9FFB3B00879BDC /* Debug */,
				AFFBBC441C9FFB3B00879BDC /* Release */,
			);
			defaultConfigurationIsVisible = 0;
			defaultConfigurationName = Release;
		};
/* End XCConfigurationList section */
	};
	rootObject = AFFBBC0A1C9FFB3A00879BDC /* Project object */;
}
